schema: '2.0'
stages:
  train:
    cmd: python train.py
    deps:
    - path: iris.csv
      hash: md5
      md5: 5ec363a6ac6a3bc875b2aaaa0f764869
      size: 3419
    - path: params.yaml
      hash: md5
      md5: c4d1986df10892bce2f17543529373c6
      size: 122
    - path: train.py
      hash: md5
      md5: 5eb9d28878182f56c5e789c28c7023b2
      size: 947
    outs:
    - path: experiments/experiment_random_forest/model.pkl
      hash: md5
      md5: c1fcf466b74a9e21d2c34ab8d2ca40fe
      size: 94545
  metrics:
    cmd: python metrics.py
    deps:
    - path: experiments/experiment_random_forest/model.pkl
      hash: md5
      md5: c1fcf466b74a9e21d2c34ab8d2ca40fe
      size: 94545
    - path: iris.csv
      hash: md5
      md5: 5ec363a6ac6a3bc875b2aaaa0f764869
      size: 3419
    - path: metrics.py
      hash: md5
      md5: c05d1900d2ef3fec12531059b521163e
      size: 2134
    outs:
    - path: experiments/experiment_random_forest/confusion_matrix.png
      hash: md5
      md5: a4413b7db80507bc47cfb1395d52db0d
      size: 17714
    - path: experiments/experiment_random_forest/metrics.csv
      hash: md5
      md5: 4370554a30a0bce7a4e9c7d23e2bdcbf
      size: 589
